
Microsoft Visual Studio Solution File, Format Version 12.00
# Visual Studio 2012
Project("{8BC9CEB8-8B4A-11D0-8D11-00A0C91BC942}") = "SFML 2.0", "SFML 2.0\SFML 2.0.vcxproj", "{E3F9C86F-2759-453F-B1D8-CBA36F3B4910}"
EndProject
Global
	GlobalSection(SolutionConfigurationPlatforms) = preSolution
		Debug Static|Win32 = Debug Static|Win32
		Debug|Win32 = Debug|Win32
		Release Static|Win32 = Release Static|Win32
		Release|Win32 = Release|Win32
	EndGlobalSection
	GlobalSection(ProjectConfigurationPlatforms) = postSolution
		{E3F9C86F-2759-453F-B1D8-CBA36F3B4910}.Debug Static|Win32.ActiveCfg = Debug Static|Win32
		{E3F9C86F-2759-453F-B1D8-CBA36F3B4910}.Debug Static|Win32.Build.0 = Debug Static|Win32
		{E3F9C86F-2759-453F-B1D8-CBA36F3B4910}.Debug|Win32.ActiveCfg = Debug|Win32
		{E3F9C86F-2759-453F-B1D8-CBA36F3B4910}.Debug|Win32.Build.0 = Debug|Win32
		{E3F9C86F-2759-453F-B1D8-CBA36F3B4910}.Release Static|Win32.ActiveCfg = Release Static|Win32
		{E3F9C86F-2759-453F-B1D8-CBA36F3B4910}.Release Static|Win32.Build.0 = Release Static|Win32
		{E3F9C86F-2759-453F-B1D8-CBA36F3B4910}.Release|Win32.ActiveCfg = Release|Win32
		{E3F9C86F-2759-453F-B1D8-CBA36F3B4910}.Release|Win32.Build.0 = Release|Win32
	EndGlobalSection
	GlobalSection(SolutionProperties) = preSolution
		HideSolutionNode = FALSE
	EndGlobalSection
EndGlobal
